
Microsoft Visual Studio Solution File, Format Version 12.00
# Visual Studio Version 17
VisualStudioVersion = 17.14.36401.2
MinimumVisualStudioVersion = 10.0.40219.1
Project("{2150E333-8FDC-42A3-9474-1A3956D46DE8}") = "Auth", "Auth", "{02EA681E-C7D8-13C7-8484-4AC65E1B71E8}"
EndProject
Project("{FAE04EC0-301F-11D3-BF4B-00C04F79EFBC}") = "Auth.App", "Auth\Auth.App\Auth.App.csproj", "{92469DE3-FAD4-F18B-9FAB-1CA56539571D}"
EndProject
Project("{FAE04EC0-301F-11D3-BF4B-00C04F79EFBC}") = "Auth.Infra", "Auth\Auth.Infra\Auth.Infra.csproj", "{8A1AA6B0-BA5E-A244-1679-5303EBA45F4B}"
EndProject
Project("{FAE04EC0-301F-11D3-BF4B-00C04F79EFBC}") = "Auth.Web", "Auth\Auth.Web\Auth.Web.csproj", "{283DA2A4-C875-5E00-E3D8-18879F9D15A6}"
EndProject
Project("{2150E333-8FDC-42A3-9474-1A3956D46DE8}") = "Users", "Users", "{A9CA27DB-8064-4231-AC40-5682A6866E52}"
EndProject
Project("{FAE04EC0-301F-11D3-BF4B-00C04F79EFBC}") = "Users.App", "Users\Users.App\Users.App.csproj", "{E089DC84-6C11-3602-3336-FD80FCA8A13B}"
EndProject
Project("{FAE04EC0-301F-11D3-BF4B-00C04F79EFBC}") = "Users.Domain", "Users\Users.Domain\Users.Domain.csproj", "{DBE0EBAB-B50C-ED47-9C79-D157E5FA4C7A}"
EndProject
Project("{FAE04EC0-301F-11D3-BF4B-00C04F79EFBC}") = "Users.Infra", "Users\Users.Infra\Users.Infra.csproj", "{B9B5CA35-E1CE-D95D-D0D2-932C3E027197}"
EndProject
Project("{FAE04EC0-301F-11D3-BF4B-00C04F79EFBC}") = "Users.Web", "Users\Users.Web\Users.Web.csproj", "{5A08D533-30E2-9D31-EAEB-7BDE3DEB9681}"
EndProject
Project("{2150E333-8FDC-42A3-9474-1A3956D46DE8}") = "Res", "Res", "{3FC61A1B-DE82-4640-94CF-AD4AB86730A2}"
EndProject
Project("{FAE04EC0-301F-11D3-BF4B-00C04F79EFBC}") = "Res.App", "Res\Res.App\Res.App.csproj", "{B4CFCEB3-AA69-66C6-229D-9E4487292620}"
EndProject
Project("{FAE04EC0-301F-11D3-BF4B-00C04F79EFBC}") = "Res.Web", "Res\Res.Web\Res.Web.csproj", "{8F8A7F38-F90D-7DA6-5E28-1907D87DA762}"
EndProject
Project("{E53339B2-1760-4266-BCC7-CA923CBCF16C}") = "docker-compose", "docker-compose.dcproj", "{81DDED9D-158B-E303-5F62-77A2896D2A5A}"
EndProject
Global
	GlobalSection(SolutionConfigurationPlatforms) = preSolution
		Debug|Any CPU = Debug|Any CPU
		Release|Any CPU = Release|Any CPU
	EndGlobalSection
	GlobalSection(ProjectConfigurationPlatforms) = postSolution
		{92469DE3-FAD4-F18B-9FAB-1CA56539571D}.Debug|Any CPU.ActiveCfg = Debug|Any CPU
		{92469DE3-FAD4-F18B-9FAB-1CA56539571D}.Debug|Any CPU.Build.0 = Debug|Any CPU
		{92469DE3-FAD4-F18B-9FAB-1CA56539571D}.Release|Any CPU.ActiveCfg = Release|Any CPU
		{92469DE3-FAD4-F18B-9FAB-1CA56539571D}.Release|Any CPU.Build.0 = Release|Any CPU
		{8A1AA6B0-BA5E-A244-1679-5303EBA45F4B}.Debug|Any CPU.ActiveCfg = Debug|Any CPU
		{8A1AA6B0-BA5E-A244-1679-5303EBA45F4B}.Debug|Any CPU.Build.0 = Debug|Any CPU
		{8A1AA6B0-BA5E-A244-1679-5303EBA45F4B}.Release|Any CPU.ActiveCfg = Release|Any CPU
		{8A1AA6B0-BA5E-A244-1679-5303EBA45F4B}.Release|Any CPU.Build.0 = Release|Any CPU
		{283DA2A4-C875-5E00-E3D8-18879F9D15A6}.Debug|Any CPU.ActiveCfg = Debug|Any CPU
		{283DA2A4-C875-5E00-E3D8-18879F9D15A6}.Debug|Any CPU.Build.0 = Debug|Any CPU
		{283DA2A4-C875-5E00-E3D8-18879F9D15A6}.Release|Any CPU.ActiveCfg = Release|Any CPU
		{283DA2A4-C875-5E00-E3D8-18879F9D15A6}.Release|Any CPU.Build.0 = Release|Any CPU
		{E089DC84-6C11-3602-3336-FD80FCA8A13B}.Debug|Any CPU.ActiveCfg = Debug|Any CPU
		{E089DC84-6C11-3602-3336-FD80FCA8A13B}.Debug|Any CPU.Build.0 = Debug|Any CPU
		{E089DC84-6C11-3602-3336-FD80FCA8A13B}.Release|Any CPU.ActiveCfg = Release|Any CPU
		{E089DC84-6C11-3602-3336-FD80FCA8A13B}.Release|Any CPU.Build.0 = Release|Any CPU
		{DBE0EBAB-B50C-ED47-9C79-D157E5FA4C7A}.Debug|Any CPU.ActiveCfg = Debug|Any CPU
		{DBE0EBAB-B50C-ED47-9C79-D157E5FA4C7A}.Debug|Any CPU.Build.0 = Debug|Any CPU
		{DBE0EBAB-B50C-ED47-9C79-D157E5FA4C7A}.Release|Any CPU.ActiveCfg = Release|Any CPU
		{DBE0EBAB-B50C-ED47-9C79-D157E5FA4C7A}.Release|Any CPU.Build.0 = Release|Any CPU
		{B9B5CA35-E1CE-D95D-D0D2-932C3E027197}.Debug|Any CPU.ActiveCfg = Debug|Any CPU
		{B9B5CA35-E1CE-D95D-D0D2-932C3E027197}.Debug|Any CPU.Build.0 = Debug|Any CPU
		{B9B5CA35-E1CE-D95D-D0D2-932C3E027197}.Release|Any CPU.ActiveCfg = Release|Any CPU
		{B9B5CA35-E1CE-D95D-D0D2-932C3E027197}.Release|Any CPU.Build.0 = Release|Any CPU
		{5A08D533-30E2-9D31-EAEB-7BDE3DEB9681}.Debug|Any CPU.ActiveCfg = Debug|Any CPU
		{5A08D533-30E2-9D31-EAEB-7BDE3DEB9681}.Debug|Any CPU.Build.0 = Debug|Any CPU
		{5A08D533-30E2-9D31-EAEB-7BDE3DEB9681}.Release|Any CPU.ActiveCfg = Release|Any CPU
		{5A08D533-30E2-9D31-EAEB-7BDE3DEB9681}.Release|Any CPU.Build.0 = Release|Any CPU
		{B4CFCEB3-AA69-66C6-229D-9E4487292620}.Debug|Any CPU.ActiveCfg = Debug|Any CPU
		{B4CFCEB3-AA69-66C6-229D-9E4487292620}.Debug|Any CPU.Build.0 = Debug|Any CPU
		{B4CFCEB3-AA69-66C6-229D-9E4487292620}.Release|Any CPU.ActiveCfg = Release|Any CPU
		{B4CFCEB3-AA69-66C6-229D-9E4487292620}.Release|Any CPU.Build.0 = Release|Any CPU
		{8F8A7F38-F90D-7DA6-5E28-1907D87DA762}.Debug|Any CPU.ActiveCfg = Debug|Any CPU
		{8F8A7F38-F90D-7DA6-5E28-1907D87DA762}.Debug|Any CPU.Build.0 = Debug|Any CPU
		{8F8A7F38-F90D-7DA6-5E28-1907D87DA762}.Release|Any CPU.ActiveCfg = Release|Any CPU
		{8F8A7F38-F90D-7DA6-5E28-1907D87DA762}.Release|Any CPU.Build.0 = Release|Any CPU
		{81DDED9D-158B-E303-5F62-77A2896D2A5A}.Debug|Any CPU.ActiveCfg = Debug|Any CPU
		{81DDED9D-158B-E303-5F62-77A2896D2A5A}.Debug|Any CPU.Build.0 = Debug|Any CPU
		{81DDED9D-158B-E303-5F62-77A2896D2A5A}.Release|Any CPU.ActiveCfg = Release|Any CPU
		{81DDED9D-158B-E303-5F62-77A2896D2A5A}.Release|Any CPU.Build.0 = Release|Any CPU
	EndGlobalSection
	GlobalSection(SolutionProperties) = preSolution
		HideSolutionNode = FALSE
	EndGlobalSection
	GlobalSection(NestedProjects) = preSolution
		{92469DE3-FAD4-F18B-9FAB-1CA56539571D} = {02EA681E-C7D8-13C7-8484-4AC65E1B71E8}
		{8A1AA6B0-BA5E-A244-1679-5303EBA45F4B} = {02EA681E-C7D8-13C7-8484-4AC65E1B71E8}
		{283DA2A4-C875-5E00-E3D8-18879F9D15A6} = {02EA681E-C7D8-13C7-8484-4AC65E1B71E8}
		{E089DC84-6C11-3602-3336-FD80FCA8A13B} = {A9CA27DB-8064-4231-AC40-5682A6866E52}
		{DBE0EBAB-B50C-ED47-9C79-D157E5FA4C7A} = {A9CA27DB-8064-4231-AC40-5682A6866E52}
		{B9B5CA35-E1CE-D95D-D0D2-932C3E027197} = {A9CA27DB-8064-4231-AC40-5682A6866E52}
		{5A08D533-30E2-9D31-EAEB-7BDE3DEB9681} = {A9CA27DB-8064-4231-AC40-5682A6866E52}
		{B4CFCEB3-AA69-66C6-229D-9E4487292620} = {3FC61A1B-DE82-4640-94CF-AD4AB86730A2}
		{8F8A7F38-F90D-7DA6-5E28-1907D87DA762} = {3FC61A1B-DE82-4640-94CF-AD4AB86730A2}
	EndGlobalSection
	GlobalSection(ExtensibilityGlobals) = postSolution
		SolutionGuid = {8167E325-2A3C-45A6-BF94-5A04157AEE54}
	EndGlobalSection
EndGlobal
