
Microsoft Visual Studio Solution File, Format Version 12.00
# Visual Studio Version 17
VisualStudioVersion = 17.14.36401.2
MinimumVisualStudioVersion = 10.0.40219.1
Project("{2150E333-8FDC-42A3-9474-1A3956D46DE8}") = "Auth", "Auth", "{02EA681E-C7D8-13C7-8484-4AC65E1B71E8}"
EndProject
Project("{FAE04EC0-301F-11D3-BF4B-00C04F79EFBC}") = "Auth.App", "Auth\Auth.App\Auth.App.csproj", "{92469DE3-FAD4-F18B-9FAB-1CA56539571D}"
EndProject
Project("{FAE04EC0-301F-11D3-BF4B-00C04F79EFBC}") = "Auth.Infra", "Auth\Auth.Infra\Auth.Infra.csproj", "{8A1AA6B0-BA5E-A244-1679-5303EBA45F4B}"
EndProject
Project("{FAE04EC0-301F-11D3-BF4B-00C04F79EFBC}") = "Auth.Web", "Auth\Auth.Web\Auth.Web.csproj", "{283DA2A4-C875-5E00-E3D8-18879F9D15A6}"
EndProject
Project("{2150E333-8FDC-42A3-9474-1A3956D46DE8}") = "Res", "Res", "{3FC61A1B-DE82-4640-94CF-AD4AB86730A2}"
EndProject
Project("{FAE04EC0-301F-11D3-BF4B-00C04F79EFBC}") = "Res.App", "Res\Res.App\Res.App.csproj", "{B4CFCEB3-AA69-66C6-229D-9E4487292620}"
EndProject
Project("{FAE04EC0-301F-11D3-BF4B-00C04F79EFBC}") = "Res.Web", "Res\Res.Web\Res.Web.csproj", "{8F8A7F38-F90D-7DA6-5E28-1907D87DA762}"
EndProject
Project("{E53339B2-1760-4266-BCC7-CA923CBCF16C}") = "docker-compose", "docker-compose.dcproj", "{81DDED9D-158B-E303-5F62-77A2896D2A5A}"
EndProject
Project("{2150E333-8FDC-42A3-9474-1A3956D46DE8}") = "Users", "Users", "{AEB5EE91-CAFD-46FF-BE64-A6A5E0FF3BCF}"
EndProject
Project("{FAE04EC0-301F-11D3-BF4B-00C04F79EFBC}") = "Users.App", "Auth\Users.App\Users.App.csproj", "{9796BA65-3B1C-CBF3-5D54-4EC3C0BB29A7}"
EndProject
Project("{FAE04EC0-301F-11D3-BF4B-00C04F79EFBC}") = "Users.Domain", "Auth\Users.Domain\Users.Domain.csproj", "{A8E416E0-4C29-EAF6-D3C5-6FE81830B1C9}"
EndProject
Project("{FAE04EC0-301F-11D3-BF4B-00C04F79EFBC}") = "Users.Infra", "Auth\Users.Infra\Users.Infra.csproj", "{9D6A05DE-695E-FDDB-214D-7FA0A6A92E85}"
EndProject
Global
	GlobalSection(SolutionConfigurationPlatforms) = preSolution
		Debug|Any CPU = Debug|Any CPU
		Release|Any CPU = Release|Any CPU
	EndGlobalSection
	GlobalSection(ProjectConfigurationPlatforms) = postSolution
		{92469DE3-FAD4-F18B-9FAB-1CA56539571D}.Debug|Any CPU.ActiveCfg = Debug|Any CPU
		{92469DE3-FAD4-F18B-9FAB-1CA56539571D}.Debug|Any CPU.Build.0 = Debug|Any CPU
		{92469DE3-FAD4-F18B-9FAB-1CA56539571D}.Release|Any CPU.ActiveCfg = Release|Any CPU
		{92469DE3-FAD4-F18B-9FAB-1CA56539571D}.Release|Any CPU.Build.0 = Release|Any CPU
		{8A1AA6B0-BA5E-A244-1679-5303EBA45F4B}.Debug|Any CPU.ActiveCfg = Debug|Any CPU
		{8A1AA6B0-BA5E-A244-1679-5303EBA45F4B}.Debug|Any CPU.Build.0 = Debug|Any CPU
		{8A1AA6B0-BA5E-A244-1679-5303EBA45F4B}.Release|Any CPU.ActiveCfg = Release|Any CPU
		{8A1AA6B0-BA5E-A244-1679-5303EBA45F4B}.Release|Any CPU.Build.0 = Release|Any CPU
		{283DA2A4-C875-5E00-E3D8-18879F9D15A6}.Debug|Any CPU.ActiveCfg = Debug|Any CPU
		{283DA2A4-C875-5E00-E3D8-18879F9D15A6}.Debug|Any CPU.Build.0 = Debug|Any CPU
		{283DA2A4-C875-5E00-E3D8-18879F9D15A6}.Release|Any CPU.ActiveCfg = Release|Any CPU
		{283DA2A4-C875-5E00-E3D8-18879F9D15A6}.Release|Any CPU.Build.0 = Release|Any CPU
		{B4CFCEB3-AA69-66C6-229D-9E4487292620}.Debug|Any CPU.ActiveCfg = Debug|Any CPU
		{B4CFCEB3-AA69-66C6-229D-9E4487292620}.Debug|Any CPU.Build.0 = Debug|Any CPU
		{B4CFCEB3-AA69-66C6-229D-9E4487292620}.Release|Any CPU.ActiveCfg = Release|Any CPU
		{B4CFCEB3-AA69-66C6-229D-9E4487292620}.Release|Any CPU.Build.0 = Release|Any CPU
		{8F8A7F38-F90D-7DA6-5E28-1907D87DA762}.Debug|Any CPU.ActiveCfg = Debug|Any CPU
		{8F8A7F38-F90D-7DA6-5E28-1907D87DA762}.Debug|Any CPU.Build.0 = Debug|Any CPU
		{8F8A7F38-F90D-7DA6-5E28-1907D87DA762}.Release|Any CPU.ActiveCfg = Release|Any CPU
		{8F8A7F38-F90D-7DA6-5E28-1907D87DA762}.Release|Any CPU.Build.0 = Release|Any CPU
		{81DDED9D-158B-E303-5F62-77A2896D2A5A}.Debug|Any CPU.ActiveCfg = Debug|Any CPU
		{81DDED9D-158B-E303-5F62-77A2896D2A5A}.Debug|Any CPU.Build.0 = Debug|Any CPU
		{81DDED9D-158B-E303-5F62-77A2896D2A5A}.Release|Any CPU.ActiveCfg = Release|Any CPU
		{81DDED9D-158B-E303-5F62-77A2896D2A5A}.Release|Any CPU.Build.0 = Release|Any CPU
		{9796BA65-3B1C-CBF3-5D54-4EC3C0BB29A7}.Debug|Any CPU.ActiveCfg = Debug|Any CPU
		{9796BA65-3B1C-CBF3-5D54-4EC3C0BB29A7}.Debug|Any CPU.Build.0 = Debug|Any CPU
		{9796BA65-3B1C-CBF3-5D54-4EC3C0BB29A7}.Release|Any CPU.ActiveCfg = Release|Any CPU
		{9796BA65-3B1C-CBF3-5D54-4EC3C0BB29A7}.Release|Any CPU.Build.0 = Release|Any CPU
		{A8E416E0-4C29-EAF6-D3C5-6FE81830B1C9}.Debug|Any CPU.ActiveCfg = Debug|Any CPU
		{A8E416E0-4C29-EAF6-D3C5-6FE81830B1C9}.Debug|Any CPU.Build.0 = Debug|Any CPU
		{A8E416E0-4C29-EAF6-D3C5-6FE81830B1C9}.Release|Any CPU.ActiveCfg = Release|Any CPU
		{A8E416E0-4C29-EAF6-D3C5-6FE81830B1C9}.Release|Any CPU.Build.0 = Release|Any CPU
		{9D6A05DE-695E-FDDB-214D-7FA0A6A92E85}.Debug|Any CPU.ActiveCfg = Debug|Any CPU
		{9D6A05DE-695E-FDDB-214D-7FA0A6A92E85}.Debug|Any CPU.Build.0 = Debug|Any CPU
		{9D6A05DE-695E-FDDB-214D-7FA0A6A92E85}.Release|Any CPU.ActiveCfg = Release|Any CPU
		{9D6A05DE-695E-FDDB-214D-7FA0A6A92E85}.Release|Any CPU.Build.0 = Release|Any CPU
	EndGlobalSection
	GlobalSection(SolutionProperties) = preSolution
		HideSolutionNode = FALSE
	EndGlobalSection
	GlobalSection(NestedProjects) = preSolution
		{92469DE3-FAD4-F18B-9FAB-1CA56539571D} = {02EA681E-C7D8-13C7-8484-4AC65E1B71E8}
		{8A1AA6B0-BA5E-A244-1679-5303EBA45F4B} = {02EA681E-C7D8-13C7-8484-4AC65E1B71E8}
		{283DA2A4-C875-5E00-E3D8-18879F9D15A6} = {02EA681E-C7D8-13C7-8484-4AC65E1B71E8}
		{B4CFCEB3-AA69-66C6-229D-9E4487292620} = {3FC61A1B-DE82-4640-94CF-AD4AB86730A2}
		{8F8A7F38-F90D-7DA6-5E28-1907D87DA762} = {3FC61A1B-DE82-4640-94CF-AD4AB86730A2}
		{AEB5EE91-CAFD-46FF-BE64-A6A5E0FF3BCF} = {02EA681E-C7D8-13C7-8484-4AC65E1B71E8}
		{9796BA65-3B1C-CBF3-5D54-4EC3C0BB29A7} = {AEB5EE91-CAFD-46FF-BE64-A6A5E0FF3BCF}
		{A8E416E0-4C29-EAF6-D3C5-6FE81830B1C9} = {AEB5EE91-CAFD-46FF-BE64-A6A5E0FF3BCF}
		{9D6A05DE-695E-FDDB-214D-7FA0A6A92E85} = {AEB5EE91-CAFD-46FF-BE64-A6A5E0FF3BCF}
	EndGlobalSection
	GlobalSection(ExtensibilityGlobals) = postSolution
		SolutionGuid = {8167E325-2A3C-45A6-BF94-5A04157AEE54}
	EndGlobalSection
EndGlobal
